
Microsoft Visual Studio Solution File, Format Version 12.00
# Visual Studio Version 17
VisualStudioVersion = 17.3.32922.545
MinimumVisualStudioVersion = 10.0.40219.1
Project("{9A19103F-16F7-4668-BE54-9A1E7A4F7556}") = "ConsoleApp1", "..\ConsoleApp2\ConsoleApp1.csproj", "{3A9DAEA4-7862-4676-8211-5C0CF6E736F3}"
EndProject
Project("{9A19103F-16F7-4668-BE54-9A1E7A4F7556}") = "ConsoleApp2", "ConsoleApp2\ConsoleApp2.csproj", "{6A649FCE-AB38-4439-90F3-CF49C75C67D4}"
EndProject
Project("{9A19103F-16F7-4668-BE54-9A1E7A4F7556}") = "ConsoleApp3", "ConsoleApp3\ConsoleApp3.csproj", "{82BAF857-3CD8-4236-992D-AFD8D6CE9381}"
EndProject
Project("{FAE04EC0-301F-11D3-BF4B-00C04F79EFBC}") = "ConsoleApp5", "ConsoleApp5\ConsoleApp5.csproj", "{B1115D3D-B3AA-404B-811A-AB6402BE7C9B}"
EndProject
Global
	GlobalSection(SolutionConfigurationPlatforms) = preSolution
		Debug|Any CPU = Debug|Any CPU
		Release|Any CPU = Release|Any CPU
	EndGlobalSection
	GlobalSection(ProjectConfigurationPlatforms) = postSolution
		{3A9DAEA4-7862-4676-8211-5C0CF6E736F3}.Debug|Any CPU.ActiveCfg = Debug|Any CPU
		{3A9DAEA4-7862-4676-8211-5C0CF6E736F3}.Debug|Any CPU.Build.0 = Debug|Any CPU
		{3A9DAEA4-7862-4676-8211-5C0CF6E736F3}.Release|Any CPU.ActiveCfg = Release|Any CPU
		{3A9DAEA4-7862-4676-8211-5C0CF6E736F3}.Release|Any CPU.Build.0 = Release|Any CPU
		{6A649FCE-AB38-4439-90F3-CF49C75C67D4}.Debug|Any CPU.ActiveCfg = Debug|Any CPU
		{6A649FCE-AB38-4439-90F3-CF49C75C67D4}.Debug|Any CPU.Build.0 = Debug|Any CPU
		{6A649FCE-AB38-4439-90F3-CF49C75C67D4}.Release|Any CPU.ActiveCfg = Release|Any CPU
		{6A649FCE-AB38-4439-90F3-CF49C75C67D4}.Release|Any CPU.Build.0 = Release|Any CPU
		{82BAF857-3CD8-4236-992D-AFD8D6CE9381}.Debug|Any CPU.ActiveCfg = Debug|Any CPU
		{82BAF857-3CD8-4236-992D-AFD8D6CE9381}.Debug|Any CPU.Build.0 = Debug|Any CPU
		{82BAF857-3CD8-4236-992D-AFD8D6CE9381}.Release|Any CPU.ActiveCfg = Release|Any CPU
		{82BAF857-3CD8-4236-992D-AFD8D6CE9381}.Release|Any CPU.Build.0 = Release|Any CPU
		{B1115D3D-B3AA-404B-811A-AB6402BE7C9B}.Debug|Any CPU.ActiveCfg = Debug|Any CPU
		{B1115D3D-B3AA-404B-811A-AB6402BE7C9B}.Debug|Any CPU.Build.0 = Debug|Any CPU
		{B1115D3D-B3AA-404B-811A-AB6402BE7C9B}.Release|Any CPU.ActiveCfg = Release|Any CPU
		{B1115D3D-B3AA-404B-811A-AB6402BE7C9B}.Release|Any CPU.Build.0 = Release|Any CPU
	EndGlobalSection
	GlobalSection(SolutionProperties) = preSolution
		HideSolutionNode = FALSE
	EndGlobalSection
	GlobalSection(ExtensibilityGlobals) = postSolution
		SolutionGuid = {CDCBF0C2-3861-432D-B7E2-5CB84AFE8450}
	EndGlobalSection
EndGlobal
